
Microsoft Visual Studio Solution File, Format Version 12.00
# Visual Studio 15
VisualStudioVersion = 15.0.27703.2026
MinimumVisualStudioVersion = 10.0.40219.1
Project("{FAE04EC0-301F-11D3-BF4B-00C04F79EFBC}") = "AVDSLabs.TimeBoss2.TaskBoss", "AVDSLabs.TimeBoss2.TaskBoss\AVDSLabs.TimeBoss2.TaskBoss.csproj", "{71E73838-5CD8-4219-ACD4-C2D87C9D71EC}"
EndProject
Global
	GlobalSection(SolutionConfigurationPlatforms) = preSolution
		Debug|Any CPU = Debug|Any CPU
		Release|Any CPU = Release|Any CPU
	EndGlobalSection
	GlobalSection(ProjectConfigurationPlatforms) = postSolution
		{71E73838-5CD8-4219-ACD4-C2D87C9D71EC}.Debug|Any CPU.ActiveCfg = Debug|Any CPU
		{71E73838-5CD8-4219-ACD4-C2D87C9D71EC}.Debug|Any CPU.Build.0 = Debug|Any CPU
		{71E73838-5CD8-4219-ACD4-C2D87C9D71EC}.Release|Any CPU.ActiveCfg = Release|Any CPU
		{71E73838-5CD8-4219-ACD4-C2D87C9D71EC}.Release|Any CPU.Build.0 = Release|Any CPU
	EndGlobalSection
	GlobalSection(SolutionProperties) = preSolution
		HideSolutionNode = FALSE
	EndGlobalSection
	GlobalSection(ExtensibilityGlobals) = postSolution
		SolutionGuid = {65295274-7FB6-4394-86D7-B5A97CE40543}
	EndGlobalSection
EndGlobal
